// !$*UTF8*$!
{
	archiveVersion = 1;
	classes = {
	};
	objectVersion = 77;
	objects = {

/* Begin PBXContainerItemProxy section */
		8707A6692CD98FA900EDFA7A /* PBXContainerItemProxy */ = {
			isa = PBXContainerItemProxy;
			containerPortal = 8707A6502CD98FA700EDFA7A /* Project object */;
			proxyType = 1;
			remoteGlobalIDString = 8707A6572CD98FA700EDFA7A;
			remoteInfo = WeMeet;
		};
		8707A6732CD98FA900EDFA7A /* PBXContainerItemProxy */ = {
			isa = PBXContainerItemProxy;
			containerPortal = 8707A6502CD98FA700EDFA7A /* Project object */;
			proxyType = 1;
			remoteGlobalIDString = 8707A6572CD98FA700EDFA7A;
			remoteInfo = WeMeet;
		};
/* End PBXContainerItemProxy section */

/* Begin PBXFileReference section */
		8707A6582CD98FA700EDFA7A /* WeMeet.app */ = {isa = PBXFileReference; explicitFileType = wrapper.application; includeInIndex = 0; path = WeMeet.app; sourceTree = BUILT_PRODUCTS_DIR; };
		8707A6682CD98FA900EDFA7A /* WeMeetTests.xctest */ = {isa = PBXFileReference; explicitFileType = wrapper.cfbundle; includeInIndex = 0; path = WeMeetTests.xctest; sourceTree = BUILT_PRODUCTS_DIR; };
		8707A6722CD98FA900EDFA7A /* WeMeetUITests.xctest */ = {isa = PBXFileReference; explicitFileType = wrapper.cfbundle; includeInIndex = 0; path = WeMeetUITests.xctest; sourceTree = BUILT_PRODUCTS_DIR; };
/* End PBXFileReference section */

/* Begin PBXFileSystemSynchronizedRootGroup section */
		8707A65A2CD98FA700EDFA7A /* WeMeet */ = {
			isa = PBXFileSystemSynchronizedRootGroup;
			path = WeMeet;
			sourceTree = "<group>";
		};
		8707A66B2CD98FA900EDFA7A /* WeMeetTests */ = {
			isa = PBXFileSystemSynchronizedRootGroup;
			path = WeMeetTests;
			sourceTree = "<group>";
		};
		8707A6752CD98FA900EDFA7A /* WeMeetUITests */ = {
			isa = PBXFileSystemSynchronizedRootGroup;
			path = WeMeetUITests;
			sourceTree = "<group>";
		};
/* End PBXFileSystemSynchronizedRootGroup section */

/* Begin PBXFrameworksBuildPhase section */
		8707A6552CD98FA700EDFA7A /* Frameworks */ = {
			isa = PBXFrameworksBuildPhase;
			buildActionMask = 2147483647;
			files = (
			);
			runOnlyForDeploymentPostprocessing = 0;
		};
		8707A6652CD98FA900EDFA7A /* Frameworks */ = {
			isa = PBXFrameworksBuildPhase;
			buildActionMask = 2147483647;
			files = (
			);
			runOnlyForDeploymentPostprocessing = 0;
		};
		8707A66F2CD98FA900EDFA7A /* Frameworks */ = {
			isa = PBXFrameworksBuildPhase;
			buildActionMask = 2147483647;
			files = (
			);
			runOnlyForDeploymentPostprocessing = 0;
		};
/* End PBXFrameworksBuildPhase section */

/* Begin PBXGroup section */
		8707A64F2CD98FA700EDFA7A = {
			isa = PBXGroup;
			children = (
				8707A65A2CD98FA700EDFA7A /* WeMeet */,
				8707A66B2CD98FA900EDFA7A /* WeMeetTests */,
				8707A6752CD98FA900EDFA7A /* WeMeetUITests */,
				8707A6592CD98FA700EDFA7A /* Products */,
			);
			sourceTree = "<group>";
		};
		8707A6592CD98FA700EDFA7A /* Products */ = {
			isa = PBXGroup;
			children = (
				8707A6582CD98FA700EDFA7A /* WeMeet.app */,
				8707A6682CD98FA900EDFA7A /* WeMeetTests.xctest */,
				8707A6722CD98FA900EDFA7A /* WeMeetUITests.xctest */,
			);
			name = Products;
			sourceTree = "<group>";
		};
/* End PBXGroup section */

/* Begin PBXNativeTarget section */
		8707A6572CD98FA700EDFA7A /* WeMeet */ = {
			isa = PBXNativeTarget;
			buildConfigurationList = 8707A67C2CD98FA900EDFA7A /* Build configuration list for PBXNativeTarget "WeMeet" */;
			buildPhases = (
				8707A6542CD98FA700EDFA7A /* Sources */,
				8707A6552CD98FA700EDFA7A /* Frameworks */,
				8707A6562CD98FA700EDFA7A /* Resources */,
			);
			buildRules = (
			);
			dependencies = (
			);
			fileSystemSynchronizedGroups = (
				8707A65A2CD98FA700EDFA7A /* WeMeet */,
			);
			name = WeMeet;
			packageProductDependencies = (
			);
			productName = WeMeet;
			productReference = 8707A6582CD98FA700EDFA7A /* WeMeet.app */;
			productType = "com.apple.product-type.application";
		};
		8707A6672CD98FA900EDFA7A /* WeMeetTests */ = {
			isa = PBXNativeTarget;
			buildConfigurationList = 8707A67F2CD98FA900EDFA7A /* Build configuration list for PBXNativeTarget "WeMeetTests" */;
			buildPhases = (
				8707A6642CD98FA900EDFA7A /* Sources */,
				8707A6652CD98FA900EDFA7A /* Frameworks */,
				8707A6662CD98FA900EDFA7A /* Resources */,
			);
			buildRules = (
			);
			dependencies = (
				8707A66A2CD98FA900EDFA7A /* PBXTargetDependency */,
			);
			fileSystemSynchronizedGroups = (
				8707A66B2CD98FA900EDFA7A /* WeMeetTests */,
			);
			name = WeMeetTests;
			packageProductDependencies = (
			);
			productName = WeMeetTests;
			productReference = 8707A6682CD98FA900EDFA7A /* WeMeetTests.xctest */;
			productType = "com.apple.product-type.bundle.unit-test";
		};
		8707A6712CD98FA900EDFA7A /* WeMeetUITests */ = {
			isa = PBXNativeTarget;
			buildConfigurationList = 8707A6822CD98FA900EDFA7A /* Build configuration list for PBXNativeTarget "WeMeetUITests" */;
			buildPhases = (
				8707A66E2CD98FA900EDFA7A /* Sources */,
				8707A66F2CD98FA900EDFA7A /* Frameworks */,
				8707A6702CD98FA900EDFA7A /* Resources */,
			);
			buildRules = (
			);
			dependencies = (
				8707A6742CD98FA900EDFA7A /* PBXTargetDependency */,
			);
			fileSystemSynchronizedGroups = (
				8707A6752CD98FA900EDFA7A /* WeMeetUITests */,
			);
			name = WeMeetUITests;
			packageProductDependencies = (
			);
			productName = WeMeetUITests;
			productReference = 8707A6722CD98FA900EDFA7A /* WeMeetUITests.xctest */;
			productType = "com.apple.product-type.bundle.ui-testing";
		};
/* End PBXNativeTarget section */

/* Begin PBXProject section */
		8707A6502CD98FA700EDFA7A /* Project object */ = {
			isa = PBXProject;
			attributes = {
				BuildIndependentTargetsInParallel = 1;
				LastSwiftUpdateCheck = 1610;
				LastUpgradeCheck = 1610;
				TargetAttributes = {
					8707A6572CD98FA700EDFA7A = {
						CreatedOnToolsVersion = 16.1;
					};
					8707A6672CD98FA900EDFA7A = {
						CreatedOnToolsVersion = 16.1;
						TestTargetID = 8707A6572CD98FA700EDFA7A;
					};
					8707A6712CD98FA900EDFA7A = {
						CreatedOnToolsVersion = 16.1;
						TestTargetID = 8707A6572CD98FA700EDFA7A;
					};
				};
			};
			buildConfigurationList = 8707A6532CD98FA700EDFA7A /* Build configuration list for PBXProject "WeMeet" */;
			developmentRegion = en;
			hasScannedForEncodings = 0;
			knownRegions = (
				en,
				Base,
			);
			mainGroup = 8707A64F2CD98FA700EDFA7A;
			minimizedProjectReferenceProxies = 1;
			preferredProjectObjectVersion = 77;
			productRefGroup = 8707A6592CD98FA700EDFA7A /* Products */;
			projectDirPath = "";
			projectRoot = "";
			targets = (
				8707A6572CD98FA700EDFA7A /* WeMeet */,
				8707A6672CD98FA900EDFA7A /* WeMeetTests */,
				8707A6712CD98FA900EDFA7A /* WeMeetUITests */,
			);
		};
/* End PBXProject section */

/* Begin PBXResourcesBuildPhase section */
		8707A6562CD98FA700EDFA7A /* Resources */ = {
			isa = PBXResourcesBuildPhase;
			buildActionMask = 2147483647;
			files = (
			);
			runOnlyForDeploymentPostprocessing = 0;
		};
		8707A6662CD98FA900EDFA7A /* Resources */ = {
			isa = PBXResourcesBuildPhase;
			buildActionMask = 2147483647;
			files = (
			);
			runOnlyForDeploymentPostprocessing = 0;
		};
		8707A6702CD98FA900EDFA7A /* Resources */ = {
			isa = PBXResourcesBuildPhase;
			buildActionMask = 2147483647;
			files = (
			);
			runOnlyForDeploymentPostprocessing = 0;
		};
/* End PBXResourcesBuildPhase section */

/* Begin PBXSourcesBuildPhase section */
		8707A6542CD98FA700EDFA7A /* Sources */ = {
			isa = PBXSourcesBuildPhase;
			buildActionMask = 2147483647;
			files = (
			);
			runOnlyForDeploymentPostprocessing = 0;
		};
		8707A6642CD98FA900EDFA7A /* Sources */ = {
			isa = PBXSourcesBuildPhase;
			buildActionMask = 2147483647;
			files = (
			);
			runOnlyForDeploymentPostprocessing = 0;
		};
		8707A66E2CD98FA900EDFA7A /* Sources */ = {
			isa = PBXSourcesBuildPhase;
			buildActionMask = 2147483647;
			files = (
			);
			runOnlyForDeploymentPostprocessing = 0;
		};
/* End PBXSourcesBuildPhase section */

/* Begin PBXTargetDependency section */
		8707A66A2CD98FA900EDFA7A /* PBXTargetDependency */ = {
			isa = PBXTargetDependency;
			target = 8707A6572CD98FA700EDFA7A /* WeMeet */;
			targetProxy = 8707A6692CD98FA900EDFA7A /* PBXContainerItemProxy */;
		};
		8707A6742CD98FA900EDFA7A /* PBXTargetDependency */ = {
			isa = PBXTargetDependency;
			target = 8707A6572CD98FA700EDFA7A /* WeMeet */;
			targetProxy = 8707A6732CD98FA900EDFA7A /* PBXContainerItemProxy */;
		};
/* End PBXTargetDependency section */

/* Begin XCBuildConfiguration section */
		8707A67A2CD98FA900EDFA7A /* Debug */ = {
			isa = XCBuildConfiguration;
			buildSettings = {
				ALWAYS_SEARCH_USER_PATHS = NO;
				ASSETCATALOG_COMPILER_GENERATE_SWIFT_ASSET_SYMBOL_EXTENSIONS = YES;
				CLANG_ANALYZER_NONNULL = YES;
				CLANG_ANALYZER_NUMBER_OBJECT_CONVERSION = YES_AGGRESSIVE;
				CLANG_CXX_LANGUAGE_STANDARD = "gnu++20";
				CLANG_ENABLE_MODULES = YES;
				CLANG_ENABLE_OBJC_ARC = YES;
				CLANG_ENABLE_OBJC_WEAK = YES;
				CLANG_WARN_BLOCK_CAPTURE_AUTORELEASING = YES;
				CLANG_WARN_BOOL_CONVERSION = YES;
				CLANG_WARN_COMMA = YES;
				CLANG_WARN_CONSTANT_CONVERSION = YES;
				CLANG_WARN_DEPRECATED_OBJC_IMPLEMENTATIONS = YES;
				CLANG_WARN_DIRECT_OBJC_ISA_USAGE = YES_ERROR;
				CLANG_WARN_DOCUMENTATION_COMMENTS = YES;
				CLANG_WARN_EMPTY_BODY = YES;
				CLANG_WARN_ENUM_CONVERSION = YES;
				CLANG_WARN_INFINITE_RECURSION = YES;
				CLANG_WARN_INT_CONVERSION = YES;
				CLANG_WARN_NON_LITERAL_NULL_CONVERSION = YES;
				CLANG_WARN_OBJC_IMPLICIT_RETAIN_SELF = YES;
				CLANG_WARN_OBJC_LITERAL_CONVERSION = YES;
				CLANG_WARN_OBJC_ROOT_CLASS = YES_ERROR;
				CLANG_WARN_QUOTED_INCLUDE_IN_FRAMEWORK_HEADER = YES;
				CLANG_WARN_RANGE_LOOP_ANALYSIS = YES;
				CLANG_WARN_STRICT_PROTOTYPES = YES;
				CLANG_WARN_SUSPICIOUS_MOVE = YES;
				CLANG_WARN_UNGUARDED_AVAILABILITY = YES_AGGRESSIVE;
				CLANG_WARN_UNREACHABLE_CODE = YES;
				CLANG_WARN__DUPLICATE_METHOD_MATCH = YES;
				COPY_PHASE_STRIP = NO;
				DEBUG_INFORMATION_FORMAT = dwarf;
				ENABLE_STRICT_OBJC_MSGSEND = YES;
				ENABLE_TESTABILITY = YES;
				ENABLE_USER_SCRIPT_SANDBOXING = YES;
				GCC_C_LANGUAGE_STANDARD = gnu17;
				GCC_DYNAMIC_NO_PIC = NO;
				GCC_NO_COMMON_BLOCKS = YES;
				GCC_OPTIMIZATION_LEVEL = 0;
				GCC_PREPROCESSOR_DEFINITIONS = (
					"DEBUG=1",
					"$(inherited)",
				);
				GCC_WARN_64_TO_32_BIT_CONVERSION = YES;
				GCC_WARN_ABOUT_RETURN_TYPE = YES_ERROR;
				GCC_WARN_UNDECLARED_SELECTOR = YES;
				GCC_WARN_UNINITIALIZED_AUTOS = YES_AGGRESSIVE;
				GCC_WARN_UNUSED_FUNCTION = YES;
				GCC_WARN_UNUSED_VARIABLE = YES;
				IPHONEOS_DEPLOYMENT_TARGET = 18.1;
				LOCALIZATION_PREFERS_STRING_CATALOGS = YES;
				MTL_ENABLE_DEBUG_INFO = INCLUDE_SOURCE;
				MTL_FAST_MATH = YES;
				ONLY_ACTIVE_ARCH = YES;
				SDKROOT = iphoneos;
				SWIFT_ACTIVE_COMPILATION_CONDITIONS = "DEBUG $(inherited)";
				SWIFT_OPTIMIZATION_LEVEL = "-Onone";
			};
			name = Debug;
		};
		8707A67B2CD98FA900EDFA7A /* Release */ = {
			isa = XCBuildConfiguration;
			buildSettings = {
				ALWAYS_SEARCH_USER_PATHS = NO;
				ASSETCATALOG_COMPILER_GENERATE_SWIFT_ASSET_SYMBOL_EXTENSIONS = YES;
				CLANG_ANALYZER_NONNULL = YES;
				CLANG_ANALYZER_NUMBER_OBJECT_CONVERSION = YES_AGGRESSIVE;
				CLANG_CXX_LANGUAGE_STANDARD = "gnu++20";
				CLANG_ENABLE_MODULES = YES;
				CLANG_ENABLE_OBJC_ARC = YES;
				CLANG_ENABLE_OBJC_WEAK = YES;
				CLANG_WARN_BLOCK_CAPTURE_AUTORELEASING = YES;
				CLANG_WARN_BOOL_CONVERSION = YES;
				CLANG_WARN_COMMA = YES;
				CLANG_WARN_CONSTANT_CONVERSION = YES;
				CLANG_WARN_DEPRECATED_OBJC_IMPLEMENTATIONS = YES;
				CLANG_WARN_DIRECT_OBJC_ISA_USAGE = YES_ERROR;
				CLANG_WARN_DOCUMENTATION_COMMENTS = YES;
				CLANG_WARN_EMPTY_BODY = YES;
				CLANG_WARN_ENUM_CONVERSION = YES;
				CLANG_WARN_INFINITE_RECURSION = YES;
				CLANG_WARN_INT_CONVERSION = YES;
				CLANG_WARN_NON_LITERAL_NULL_CONVERSION = YES;
				CLANG_WARN_OBJC_IMPLICIT_RETAIN_SELF = YES;
				CLANG_WARN_OBJC_LITERAL_CONVERSION = YES;
				CLANG_WARN_OBJC_ROOT_CLASS = YES_ERROR;
				CLANG_WARN_QUOTED_INCLUDE_IN_FRAMEWORK_HEADER = YES;
				CLANG_WARN_RANGE_LOOP_ANALYSIS = YES;
				CLANG_WARN_STRICT_PROTOTYPES = YES;
				CLANG_WARN_SUSPICIOUS_MOVE = YES;
				CLANG_WARN_UNGUARDED_AVAILABILITY = YES_AGGRESSIVE;
				CLANG_WARN_UNREACHABLE_CODE = YES;
				CLANG_WARN__DUPLICATE_METHOD_MATCH = YES;
				COPY_PHASE_STRIP = NO;
				DEBUG_INFORMATION_FORMAT = "dwarf-with-dsym";
				ENABLE_NS_ASSERTIONS = NO;
				ENABLE_STRICT_OBJC_MSGSEND = YES;
				ENABLE_USER_SCRIPT_SANDBOXING = YES;
				GCC_C_LANGUAGE_STANDARD = gnu17;
				GCC_NO_COMMON_BLOCKS = YES;
				GCC_WARN_64_TO_32_BIT_CONVERSION = YES;
				GCC_WARN_ABOUT_RETURN_TYPE = YES_ERROR;
				GCC_WARN_UNDECLARED_SELECTOR = YES;
				GCC_WARN_UNINITIALIZED_AUTOS = YES_AGGRESSIVE;
				GCC_WARN_UNUSED_FUNCTION = YES;
				GCC_WARN_UNUSED_VARIABLE = YES;
				IPHONEOS_DEPLOYMENT_TARGET = 18.1;
				LOCALIZATION_PREFERS_STRING_CATALOGS = YES;
				MTL_ENABLE_DEBUG_INFO = NO;
				MTL_FAST_MATH = YES;
				SDKROOT = iphoneos;
				SWIFT_COMPILATION_MODE = wholemodule;
				VALIDATE_PRODUCT = YES;
			};
			name = Release;
		};
		8707A67D2CD98FA900EDFA7A /* Debug */ = {
			isa = XCBuildConfiguration;
			buildSettings = {
				ASSETCATALOG_COMPILER_APPICON_NAME = AppIcon;
				ASSETCATALOG_COMPILER_GLOBAL_ACCENT_COLOR_NAME = AccentColor;
				CODE_SIGN_STYLE = Automatic;
				CURRENT_PROJECT_VERSION = 1;
				DEVELOPMENT_ASSET_PATHS = "\"WeMeet/Preview Content\"";
				ENABLE_PREVIEWS = YES;
				GENERATE_INFOPLIST_FILE = YES;
				INFOPLIST_KEY_UIApplicationSceneManifest_Generation = YES;
				INFOPLIST_KEY_UIApplicationSupportsIndirectInputEvents = YES;
				INFOPLIST_KEY_UILaunchScreen_Generation = YES;
				INFOPLIST_KEY_UISupportedInterfaceOrientations_iPad = "UIInterfaceOrientationPortrait UIInterfaceOrientationPortraitUpsideDown UIInterfaceOrientationLandscapeLeft UIInterfaceOrientationLandscapeRight";
				INFOPLIST_KEY_UISupportedInterfaceOrientations_iPhone = "UIInterfaceOrientationPortrait UIInterfaceOrientationLandscapeLeft UIInterfaceOrientationLandscapeRight";
				LD_RUNPATH_SEARCH_PATHS = (
					"$(inherited)",
					"@executable_path/Frameworks",
				);
				MARKETING_VERSION = 1.0;
				PRODUCT_BUNDLE_IDENTIFIER = com.monaemwhite.WeMeet;
				PRODUCT_NAME = "$(TARGET_NAME)";
				SWIFT_EMIT_LOC_STRINGS = YES;
				SWIFT_VERSION = 5.0;
				TARGETED_DEVICE_FAMILY = "1,2";
			};
			name = Debug;
		};
		8707A67E2CD98FA900EDFA7A /* Release */ = {
			isa = XCBuildConfiguration;
			buildSettings = {
				ASSETCATALOG_COMPILER_APPICON_NAME = AppIcon;
				ASSETCATALOG_COMPILER_GLOBAL_ACCENT_COLOR_NAME = AccentColor;
				CODE_SIGN_STYLE = Automatic;
				CURRENT_PROJECT_VERSION = 1;
				DEVELOPMENT_ASSET_PATHS = "\"WeMeet/Preview Content\"";
				ENABLE_PREVIEWS = YES;
				GENERATE_INFOPLIST_FILE = YES;
				INFOPLIST_KEY_UIApplicationSceneManifest_Generation = YES;
				INFOPLIST_KEY_UIApplicationSupportsIndirectInputEvents = YES;
				INFOPLIST_KEY_UILaunchScreen_Generation = YES;
				INFOPLIST_KEY_UISupportedInterfaceOrientations_iPad = "UIInterfaceOrientationPortrait UIInterfaceOrientationPortraitUpsideDown UIInterfaceOrientationLandscapeLeft UIInterfaceOrientationLandscapeRight";
				INFOPLIST_KEY_UISupportedInterfaceOrientations_iPhone = "UIInterfaceOrientationPortrait UIInterfaceOrientationLandscapeLeft UIInterfaceOrientationLandscapeRight";
				LD_RUNPATH_SEARCH_PATHS = (
					"$(inherited)",
					"@executable_path/Frameworks",
				);
				MARKETING_VERSION = 1.0;
				PRODUCT_BUNDLE_IDENTIFIER = com.monaemwhite.WeMeet;
				PRODUCT_NAME = "$(TARGET_NAME)";
				SWIFT_EMIT_LOC_STRINGS = YES;
				SWIFT_VERSION = 5.0;
				TARGETED_DEVICE_FAMILY = "1,2";
			};
			name = Release;
		};
		8707A6802CD98FA900EDFA7A /* Debug */ = {
			isa = XCBuildConfiguration;
			buildSettings = {
				BUNDLE_LOADER = "$(TEST_HOST)";
				CODE_SIGN_STYLE = Automatic;
				CURRENT_PROJECT_VERSION = 1;
				GENERATE_INFOPLIST_FILE = YES;
				IPHONEOS_DEPLOYMENT_TARGET = 18.1;
				MARKETING_VERSION = 1.0;
				PRODUCT_BUNDLE_IDENTIFIER = com.monaemwhite.WeMeetTests;
				PRODUCT_NAME = "$(TARGET_NAME)";
				SWIFT_EMIT_LOC_STRINGS = NO;
				SWIFT_VERSION = 5.0;
				TARGETED_DEVICE_FAMILY = "1,2";
				TEST_HOST = "$(BUILT_PRODUCTS_DIR)/WeMeet.app/$(BUNDLE_EXECUTABLE_FOLDER_PATH)/WeMeet";
			};
			name = Debug;
		};
		8707A6812CD98FA900EDFA7A /* Release */ = {
			isa = XCBuildConfiguration;
			buildSettings = {
				BUNDLE_LOADER = "$(TEST_HOST)";
				CODE_SIGN_STYLE = Automatic;
				CURRENT_PROJECT_VERSION = 1;
				GENERATE_INFOPLIST_FILE = YES;
				IPHONEOS_DEPLOYMENT_TARGET = 18.1;
				MARKETING_VERSION = 1.0;
				PRODUCT_BUNDLE_IDENTIFIER = com.monaemwhite.WeMeetTests;
				PRODUCT_NAME = "$(TARGET_NAME)";
				SWIFT_EMIT_LOC_STRINGS = NO;
				SWIFT_VERSION = 5.0;
				TARGETED_DEVICE_FAMILY = "1,2";
				TEST_HOST = "$(BUILT_PRODUCTS_DIR)/WeMeet.app/$(BUNDLE_EXECUTABLE_FOLDER_PATH)/WeMeet";
			};
			name = Release;
		};
		8707A6832CD98FA900EDFA7A /* Debug */ = {
			isa = XCBuildConfiguration;
			buildSettings = {
				CODE_SIGN_STYLE = Automatic;
				CURRENT_PROJECT_VERSION = 1;
				GENERATE_INFOPLIST_FILE = YES;
				MARKETING_VERSION = 1.0;
				PRODUCT_BUNDLE_IDENTIFIER = com.monaemwhite.WeMeetUITests;
				PRODUCT_NAME = "$(TARGET_NAME)";
				SWIFT_EMIT_LOC_STRINGS = NO;
				SWIFT_VERSION = 5.0;
				TARGETED_DEVICE_FAMILY = "1,2";
				TEST_TARGET_NAME = WeMeet;
			};
			name = Debug;
		};
		8707A6842CD98FA900EDFA7A /* Release */ = {
			isa = XCBuildConfiguration;
			buildSettings = {
				CODE_SIGN_STYLE = Automatic;
				CURRENT_PROJECT_VERSION = 1;
				GENERATE_INFOPLIST_FILE = YES;
				MARKETING_VERSION = 1.0;
				PRODUCT_BUNDLE_IDENTIFIER = com.monaemwhite.WeMeetUITests;
				PRODUCT_NAME = "$(TARGET_NAME)";
				SWIFT_EMIT_LOC_STRINGS = NO;
				SWIFT_VERSION = 5.0;
				TARGETED_DEVICE_FAMILY = "1,2";
				TEST_TARGET_NAME = WeMeet;
			};
			name = Release;
		};
/* End XCBuildConfiguration section */

/* Begin XCConfigurationList section */
		8707A6532CD98FA700EDFA7A /* Build configuration list for PBXProject "WeMeet" */ = {
			isa = XCConfigurationList;
			buildConfigurations = (
				8707A67A2CD98FA900EDFA7A /* Debug */,
				8707A67B2CD98FA900EDFA7A /* Release */,
			);
			defaultConfigurationIsVisible = 0;
			defaultConfigurationName = Release;
		};
		8707A67C2CD98FA900EDFA7A /* Build configuration list for PBXNativeTarget "WeMeet" */ = {
			isa = XCConfigurationList;
			buildConfigurations = (
				8707A67D2CD98FA900EDFA7A /* Debug */,
				8707A67E2CD98FA900EDFA7A /* Release */,
			);
			defaultConfigurationIsVisible = 0;
			defaultConfigurationName = Release;
		};
		8707A67F2CD98FA900EDFA7A /* Build configuration list for PBXNativeTarget "WeMeetTests" */ = {
			isa = XCConfigurationList;
			buildConfigurations = (
				8707A6802CD98FA900EDFA7A /* Debug */,
				8707A6812CD98FA900EDFA7A /* Release */,
			);
			defaultConfigurationIsVisible = 0;
			defaultConfigurationName = Release;
		};
		8707A6822CD98FA900EDFA7A /* Build configuration list for PBXNativeTarget "WeMeetUITests" */ = {
			isa = XCConfigurationList;
			buildConfigurations = (
				8707A6832CD98FA900EDFA7A /* Debug */,
				8707A6842CD98FA900EDFA7A /* Release */,
			);
			defaultConfigurationIsVisible = 0;
			defaultConfigurationName = Release;
		};
/* End XCConfigurationList section */
	};
	rootObject = 8707A6502CD98FA700EDFA7A /* Project object */;
}
